// !$*UTF8*$!
{
	archiveVersion = 1;
	classes = {
	};
	objectVersion = 46;
	objects = {

/* Begin PBXBuildFile section */
		C00C4EDC1D2E92930079DE29 /* PomodoroViewController.swift in Sources */ = {isa = PBXBuildFile; fileRef = C00C4EDB1D2E92930079DE29 /* PomodoroViewController.swift */; };
		C00C8AB01D57230C006681CB /* DataManagement.swift in Sources */ = {isa = PBXBuildFile; fileRef = C00C8AAF1D57230C006681CB /* DataManagement.swift */; };
		C00C8AB51D572527006681CB /* NavigationController.swift in Sources */ = {isa = PBXBuildFile; fileRef = C00C8AB41D572527006681CB /* NavigationController.swift */; };
		C00C8AB71D57289F006681CB /* MainViewController.swift in Sources */ = {isa = PBXBuildFile; fileRef = C00C8AB61D57289F006681CB /* MainViewController.swift */; };
		C00C8AB91D572B26006681CB /* QuickTimerViewController.swift in Sources */ = {isa = PBXBuildFile; fileRef = C00C8AB81D572B26006681CB /* QuickTimerViewController.swift */; };
		C00C8ABE1D573B68006681CB /* Click.mp3 in Resources */ = {isa = PBXBuildFile; fileRef = C00C8ABD1D573B68006681CB /* Click.mp3 */; };
		C00C8AC21D573F4B006681CB /* Pomoing.mp3 in Resources */ = {isa = PBXBuildFile; fileRef = C00C8ABF1D573F4A006681CB /* Pomoing.mp3 */; };
		C00C8AC31D573F4B006681CB /* Start.mp3 in Resources */ = {isa = PBXBuildFile; fileRef = C00C8AC01D573F4A006681CB /* Start.mp3 */; };
		C00C8AC41D573F4B006681CB /* Stop.mp3 in Resources */ = {isa = PBXBuildFile; fileRef = C00C8AC11D573F4A006681CB /* Stop.mp3 */; };
		C0152A5B1D3A6FB800186F8E /* CProgressView.swift in Sources */ = {isa = PBXBuildFile; fileRef = C0152A5A1D3A6FB800186F8E /* CProgressView.swift */; };
		C02280141D64A38C00D3D2F6 /* Dialog.swift in Sources */ = {isa = PBXBuildFile; fileRef = C02280131D64A38C00D3D2F6 /* Dialog.swift */; };
		C03074BA1D59FBAE0026DDE2 /* ListViewController.swift in Sources */ = {isa = PBXBuildFile; fileRef = C03074B91D59FBAE0026DDE2 /* ListViewController.swift */; };
		C03074BC1D59FFA00026DDE2 /* AnimationToList.swift in Sources */ = {isa = PBXBuildFile; fileRef = C03074BB1D59FFA00026DDE2 /* AnimationToList.swift */; };
		C03074C11D5A00020026DDE2 /* AnimationFromList.swift in Sources */ = {isa = PBXBuildFile; fileRef = C03074C01D5A00020026DDE2 /* AnimationFromList.swift */; };
		C0419FB31D19321300ADD255 /* AppDelegate.swift in Sources */ = {isa = PBXBuildFile; fileRef = C0419FB21D19321300ADD255 /* AppDelegate.swift */; };
		C0419FB81D19321300ADD255 /* Main.storyboard in Resources */ = {isa = PBXBuildFile; fileRef = C0419FB61D19321300ADD255 /* Main.storyboard */; };
		C0419FBD1D19321400ADD255 /* Assets.xcassets in Resources */ = {isa = PBXBuildFile; fileRef = C0419FBC1D19321400ADD255 /* Assets.xcassets */; };
		C0419FC01D19321400ADD255 /* LaunchScreen.storyboard in Resources */ = {isa = PBXBuildFile; fileRef = C0419FBE1D19321400ADD255 /* LaunchScreen.storyboard */; };
		C05B805B1E4DCB72005BAFD0 /* Localizable.strings in Resources */ = {isa = PBXBuildFile; fileRef = C05B805D1E4DCB72005BAFD0 /* Localizable.strings */; };
		C068ABC71E5762D3003819FC /* Gidolinya-Regular-Monospace.otf in Resources */ = {isa = PBXBuildFile; fileRef = C04EC4B11E407187000633E8 /* Gidolinya-Regular-Monospace.otf */; };
		C0953E7B1D93647600C95296 /* ShortcutHelper.swift in Sources */ = {isa = PBXBuildFile; fileRef = C0953E7A1D93647600C95296 /* ShortcutHelper.swift */; };
		C0C68D761D60D65200612D26 /* StatisticsView.swift in Sources */ = {isa = PBXBuildFile; fileRef = C0C68D751D60D65200612D26 /* StatisticsView.swift */; };
		C0C68D781D617F4100612D26 /* QuickTimer.swift in Sources */ = {isa = PBXBuildFile; fileRef = C0C68D771D617F4100612D26 /* QuickTimer.swift */; };
		C0CD5BB61D3531A900046713 /* Pomodoro.swift in Sources */ = {isa = PBXBuildFile; fileRef = C0CD5BB51D3531A900046713 /* Pomodoro.swift */; };
		C0F1CAF61D5F415C00BBF0DC /* SettingsViewController.swift in Sources */ = {isa = PBXBuildFile; fileRef = C0F1CAF51D5F415C00BBF0DC /* SettingsViewController.swift */; };
/* End PBXBuildFile section */

/* Begin PBXCopyFilesBuildPhase section */
		C02A5C0E1D92508F00DFD1B8 /* Embed App Extensions */ = {
			isa = PBXCopyFilesBuildPhase;
			buildActionMask = 2147483647;
			dstPath = "";
			dstSubfolderSpec = 13;
			files = (
			);
			name = "Embed App Extensions";
			runOnlyForDeploymentPostprocessing = 0;
		};
		C05E40E71D9C9AE100F51874 /* Embed Watch Content */ = {
			isa = PBXCopyFilesBuildPhase;
			buildActionMask = 2147483647;
			dstPath = "$(CONTENTS_FOLDER_PATH)/Watch";
			dstSubfolderSpec = 16;
			files = (
			);
			name = "Embed Watch Content";
			runOnlyForDeploymentPostprocessing = 0;
		};
/* End PBXCopyFilesBuildPhase section */

/* Begin PBXFileReference section */
		C00C4EDB1D2E92930079DE29 /* PomodoroViewController.swift */ = {isa = PBXFileReference; fileEncoding = 4; lastKnownFileType = sourcecode.swift; path = PomodoroViewController.swift; sourceTree = "<group>"; };
		C00C8AAF1D57230C006681CB /* DataManagement.swift */ = {isa = PBXFileReference; fileEncoding = 4; lastKnownFileType = sourcecode.swift; path = DataManagement.swift; sourceTree = "<group>"; };
		C00C8AB41D572527006681CB /* NavigationController.swift */ = {isa = PBXFileReference; fileEncoding = 4; lastKnownFileType = sourcecode.swift; path = NavigationController.swift; sourceTree = "<group>"; };
		C00C8AB61D57289F006681CB /* MainViewController.swift */ = {isa = PBXFileReference; fileEncoding = 4; lastKnownFileType = sourcecode.swift; path = MainViewController.swift; sourceTree = "<group>"; };
		C00C8AB81D572B26006681CB /* QuickTimerViewController.swift */ = {isa = PBXFileReference; fileEncoding = 4; lastKnownFileType = sourcecode.swift; path = QuickTimerViewController.swift; sourceTree = "<group>"; };
		C00C8ABD1D573B68006681CB /* Click.mp3 */ = {isa = PBXFileReference; lastKnownFileType = audio.mp3; name = Click.mp3; path = Sound/Click.mp3; sourceTree = SOURCE_ROOT; };
		C00C8ABF1D573F4A006681CB /* Pomoing.mp3 */ = {isa = PBXFileReference; lastKnownFileType = audio.mp3; name = Pomoing.mp3; path = Sound/Pomoing.mp3; sourceTree = SOURCE_ROOT; };
		C00C8AC01D573F4A006681CB /* Start.mp3 */ = {isa = PBXFileReference; lastKnownFileType = audio.mp3; name = Start.mp3; path = Sound/Start.mp3; sourceTree = SOURCE_ROOT; };
		C00C8AC11D573F4A006681CB /* Stop.mp3 */ = {isa = PBXFileReference; lastKnownFileType = audio.mp3; name = Stop.mp3; path = Sound/Stop.mp3; sourceTree = SOURCE_ROOT; };
		C0152A5A1D3A6FB800186F8E /* CProgressView.swift */ = {isa = PBXFileReference; fileEncoding = 4; lastKnownFileType = sourcecode.swift; path = CProgressView.swift; sourceTree = "<group>"; };
		C02280131D64A38C00D3D2F6 /* Dialog.swift */ = {isa = PBXFileReference; fileEncoding = 4; lastKnownFileType = sourcecode.swift; path = Dialog.swift; sourceTree = "<group>"; };
		C02A5BFF1D92508F00DFD1B8 /* NotificationCenter.framework */ = {isa = PBXFileReference; lastKnownFileType = wrapper.framework; name = NotificationCenter.framework; path = System/Library/Frameworks/NotificationCenter.framework; sourceTree = SDKROOT; };
		C03074B91D59FBAE0026DDE2 /* ListViewController.swift */ = {isa = PBXFileReference; fileEncoding = 4; lastKnownFileType = sourcecode.swift; path = ListViewController.swift; sourceTree = "<group>"; };
		C03074BB1D59FFA00026DDE2 /* AnimationToList.swift */ = {isa = PBXFileReference; fileEncoding = 4; lastKnownFileType = sourcecode.swift; path = AnimationToList.swift; sourceTree = "<group>"; };
		C03074C01D5A00020026DDE2 /* AnimationFromList.swift */ = {isa = PBXFileReference; fileEncoding = 4; lastKnownFileType = sourcecode.swift; path = AnimationFromList.swift; sourceTree = "<group>"; };
		C03C82321E4DD89A00CCE9E7 /* zh-Hant */ = {isa = PBXFileReference; lastKnownFileType = text.plist.strings; name = "zh-Hant"; path = "zh-Hant.lproj/Localizable.strings"; sourceTree = "<group>"; };
		C0419FAF1D19321300ADD255 /* PomoNow.app */ = {isa = PBXFileReference; explicitFileType = wrapper.application; includeInIndex = 0; path = PomoNow.app; sourceTree = BUILT_PRODUCTS_DIR; };
		C0419FB21D19321300ADD255 /* AppDelegate.swift */ = {isa = PBXFileReference; lastKnownFileType = sourcecode.swift; path = AppDelegate.swift; sourceTree = "<group>"; };
		C0419FB71D19321300ADD255 /* Base */ = {isa = PBXFileReference; lastKnownFileType = file.storyboard; name = Base; path = Base.lproj/Main.storyboard; sourceTree = "<group>"; };
		C0419FBC1D19321400ADD255 /* Assets.xcassets */ = {isa = PBXFileReference; lastKnownFileType = folder.assetcatalog; path = Assets.xcassets; sourceTree = "<group>"; };
		C0419FBF1D19321400ADD255 /* Base */ = {isa = PBXFileReference; lastKnownFileType = file.storyboard; name = Base; path = Base.lproj/LaunchScreen.storyboard; sourceTree = "<group>"; };
		C0419FC11D19321400ADD255 /* Info.plist */ = {isa = PBXFileReference; lastKnownFileType = text.plist.xml; path = Info.plist; sourceTree = "<group>"; };
		C04EC4B11E407187000633E8 /* Gidolinya-Regular-Monospace.otf */ = {isa = PBXFileReference; lastKnownFileType = file; path = "Gidolinya-Regular-Monospace.otf"; sourceTree = "<group>"; };
		C05B800E1E4DAFD5005BAFD0 /* zh-Hans */ = {isa = PBXFileReference; lastKnownFileType = text.plist.strings; name = "zh-Hans"; path = "zh-Hans.lproj/Main.strings"; sourceTree = "<group>"; };
		C05B800F1E4DAFD5005BAFD0 /* zh-Hans */ = {isa = PBXFileReference; lastKnownFileType = text.plist.strings; name = "zh-Hans"; path = "zh-Hans.lproj/LaunchScreen.strings"; sourceTree = "<group>"; };
		C05B80121E4DAFDC005BAFD0 /* zh-Hant */ = {isa = PBXFileReference; lastKnownFileType = text.plist.strings; name = "zh-Hant"; path = "zh-Hant.lproj/Main.strings"; sourceTree = "<group>"; };
		C05B80131E4DAFDC005BAFD0 /* zh-Hant */ = {isa = PBXFileReference; lastKnownFileType = text.plist.strings; name = "zh-Hant"; path = "zh-Hant.lproj/LaunchScreen.strings"; sourceTree = "<group>"; };
		C05B805C1E4DCB72005BAFD0 /* zh-Hans */ = {isa = PBXFileReference; lastKnownFileType = text.plist.strings; name = "zh-Hans"; path = "zh-Hans.lproj/Localizable.strings"; sourceTree = "<group>"; };
		C0953E7A1D93647600C95296 /* ShortcutHelper.swift */ = {isa = PBXFileReference; fileEncoding = 4; lastKnownFileType = sourcecode.swift; path = ShortcutHelper.swift; sourceTree = "<group>"; };
		C0C68D751D60D65200612D26 /* StatisticsView.swift */ = {isa = PBXFileReference; fileEncoding = 4; lastKnownFileType = sourcecode.swift; path = StatisticsView.swift; sourceTree = "<group>"; };
		C0C68D771D617F4100612D26 /* QuickTimer.swift */ = {isa = PBXFileReference; fileEncoding = 4; lastKnownFileType = sourcecode.swift; path = QuickTimer.swift; sourceTree = "<group>"; };
		C0CD5BB51D3531A900046713 /* Pomodoro.swift */ = {isa = PBXFileReference; fileEncoding = 4; lastKnownFileType = sourcecode.swift; path = Pomodoro.swift; sourceTree = "<group>"; wrapsLines = 1; };
		C0F1CAF51D5F415C00BBF0DC /* SettingsViewController.swift */ = {isa = PBXFileReference; fileEncoding = 4; lastKnownFileType = sourcecode.swift; path = SettingsViewController.swift; sourceTree = "<group>"; };
/* End PBXFileReference section */

/* Begin PBXFrameworksBuildPhase section */
		C0419FAC1D19321300ADD255 /* Frameworks */ = {
			isa = PBXFrameworksBuildPhase;
			buildActionMask = 2147483647;
			files = (
			);
			runOnlyForDeploymentPostprocessing = 0;
		};
/* End PBXFrameworksBuildPhase section */

/* Begin PBXGroup section */
		C00C4EDA1D2D61290079DE29 /* Supporting Files */ = {
			isa = PBXGroup;
			children = (
				C00C8ABA1D573B2A006681CB /* Sound */,
				C0419FBE1D19321400ADD255 /* LaunchScreen.storyboard */,
				C04EC4B11E407187000633E8 /* Gidolinya-Regular-Monospace.otf */,
				C0419FBC1D19321400ADD255 /* Assets.xcassets */,
				C05B805D1E4DCB72005BAFD0 /* Localizable.strings */,
				C0419FC11D19321400ADD255 /* Info.plist */,
			);
			name = "Supporting Files";
			sourceTree = "<group>";
		};
		C00C8AB31D5724D4006681CB /* Custom View */ = {
			isa = PBXGroup;
			children = (
				C0152A5A1D3A6FB800186F8E /* CProgressView.swift */,
				C0C68D751D60D65200612D26 /* StatisticsView.swift */,
				C02280131D64A38C00D3D2F6 /* Dialog.swift */,
			);
			name = "Custom View";
			sourceTree = "<group>";
		};
		C00C8ABA1D573B2A006681CB /* Sound */ = {
			isa = PBXGroup;
			children = (
				C00C8ABF1D573F4A006681CB /* Pomoing.mp3 */,
				C00C8AC01D573F4A006681CB /* Start.mp3 */,
				C00C8AC11D573F4A006681CB /* Stop.mp3 */,
				C00C8ABD1D573B68006681CB /* Click.mp3 */,
			);
			name = Sound;
			sourceTree = "<group>";
		};
		C02A5BFE1D92508F00DFD1B8 /* Frameworks */ = {
			isa = PBXGroup;
			children = (
				C02A5BFF1D92508F00DFD1B8 /* NotificationCenter.framework */,
			);
			name = Frameworks;
			sourceTree = "<group>";
		};
		C03074BD1D59FFA90026DDE2 /* Animation */ = {
			isa = PBXGroup;
			children = (
				C03074BB1D59FFA00026DDE2 /* AnimationToList.swift */,
				C03074C01D5A00020026DDE2 /* AnimationFromList.swift */,
			);
			name = Animation;
			sourceTree = "<group>";
		};
		C0419FA61D19321300ADD255 = {
			isa = PBXGroup;
			children = (
				C0419FB11D19321300ADD255 /* PomoNow */,
				C02A5BFE1D92508F00DFD1B8 /* Frameworks */,
				C0419FB01D19321300ADD255 /* Products */,
			);
			sourceTree = "<group>";
		};
		C0419FB01D19321300ADD255 /* Products */ = {
			isa = PBXGroup;
			children = (
				C0419FAF1D19321300ADD255 /* PomoNow.app */,
			);
			name = Products;
			sourceTree = "<group>";
		};
		C0419FB11D19321300ADD255 /* PomoNow */ = {
			isa = PBXGroup;
			children = (
				C0419FB61D19321300ADD255 /* Main.storyboard */,
				C00C8AB61D57289F006681CB /* MainViewController.swift */,
				C00C4EDB1D2E92930079DE29 /* PomodoroViewController.swift */,
				C00C8AB81D572B26006681CB /* QuickTimerViewController.swift */,
				C03074B91D59FBAE0026DDE2 /* ListViewController.swift */,
				C0F1CAF51D5F415C00BBF0DC /* SettingsViewController.swift */,
				C00C8AB41D572527006681CB /* NavigationController.swift */,
				C0CD5BB51D3531A900046713 /* Pomodoro.swift */,
				C0C68D771D617F4100612D26 /* QuickTimer.swift */,
				C00C8AAF1D57230C006681CB /* DataManagement.swift */,
				C0953E7A1D93647600C95296 /* ShortcutHelper.swift */,
				C0419FB21D19321300ADD255 /* AppDelegate.swift */,
				C03074BD1D59FFA90026DDE2 /* Animation */,
				C00C8AB31D5724D4006681CB /* Custom View */,
				C00C4EDA1D2D61290079DE29 /* Supporting Files */,
			);
			path = PomoNow;
			sourceTree = "<group>";
		};
/* End PBXGroup section */

/* Begin PBXNativeTarget section */
		C0419FAE1D19321300ADD255 /* PomoNow */ = {
			isa = PBXNativeTarget;
			buildConfigurationList = C0419FC41D19321400ADD255 /* Build configuration list for PBXNativeTarget "PomoNow" */;
			buildPhases = (
				C0419FAB1D19321300ADD255 /* Sources */,
				C0419FAC1D19321300ADD255 /* Frameworks */,
				C0419FAD1D19321300ADD255 /* Resources */,
				C02A5C0E1D92508F00DFD1B8 /* Embed App Extensions */,
				C05E40E71D9C9AE100F51874 /* Embed Watch Content */,
			);
			buildRules = (
			);
			dependencies = (
			);
			name = PomoNow;
			productName = PomoNow;
			productReference = C0419FAF1D19321300ADD255 /* PomoNow.app */;
			productType = "com.apple.product-type.application";
		};
/* End PBXNativeTarget section */

/* Begin PBXProject section */
		C0419FA71D19321300ADD255 /* Project object */ = {
			isa = PBXProject;
			attributes = {
				LastSwiftUpdateCheck = 0800;
				LastUpgradeCheck = 0800;
				ORGANIZATIONNAME = JinyuMeng;
				TargetAttributes = {
					C0419FAE1D19321300ADD255 = {
						CreatedOnToolsVersion = 7.3.1;
						DevelopmentTeam = QJN4A73F8D;
						LastSwiftMigration = 0800;
						ProvisioningStyle = Automatic;
						SystemCapabilities = {
							com.apple.ApplicationGroups.iOS = {
								enabled = 1;
							};
							com.apple.BackgroundModes = {
								enabled = 1;
							};
							com.apple.iCloud = {
								enabled = 1;
							};
						};
					};
				};
			};
			buildConfigurationList = C0419FAA1D19321300ADD255 /* Build configuration list for PBXProject "PomoNow" */;
			compatibilityVersion = "Xcode 3.2";
			developmentRegion = English;
			hasScannedForEncodings = 0;
			knownRegions = (
				en,
				Base,
				"zh-Hans",
				"zh-Hant",
			);
			mainGroup = C0419FA61D19321300ADD255;
			productRefGroup = C0419FB01D19321300ADD255 /* Products */;
			projectDirPath = "";
			projectRoot = "";
			targets = (
				C0419FAE1D19321300ADD255 /* PomoNow */,
			);
		};
/* End PBXProject section */

/* Begin PBXResourcesBuildPhase section */
		C0419FAD1D19321300ADD255 /* Resources */ = {
			isa = PBXResourcesBuildPhase;
			buildActionMask = 2147483647;
			files = (
				C068ABC71E5762D3003819FC /* Gidolinya-Regular-Monospace.otf in Resources */,
				C00C8AC21D573F4B006681CB /* Pomoing.mp3 in Resources */,
				C0419FC01D19321400ADD255 /* LaunchScreen.storyboard in Resources */,
				C0419FBD1D19321400ADD255 /* Assets.xcassets in Resources */,
				C00C8AC41D573F4B006681CB /* Stop.mp3 in Resources */,
				C00C8ABE1D573B68006681CB /* Click.mp3 in Resources */,
				C05B805B1E4DCB72005BAFD0 /* Localizable.strings in Resources */,
				C0419FB81D19321300ADD255 /* Main.storyboard in Resources */,
				C00C8AC31D573F4B006681CB /* Start.mp3 in Resources */,
			);
			runOnlyForDeploymentPostprocessing = 0;
		};
/* End PBXResourcesBuildPhase section */

/* Begin PBXSourcesBuildPhase section */
		C0419FAB1D19321300ADD255 /* Sources */ = {
			isa = PBXSourcesBuildPhase;
			buildActionMask = 2147483647;
			files = (
				C0152A5B1D3A6FB800186F8E /* CProgressView.swift in Sources */,
				C0CD5BB61D3531A900046713 /* Pomodoro.swift in Sources */,
				C00C8AB01D57230C006681CB /* DataManagement.swift in Sources */,
				C00C8AB91D572B26006681CB /* QuickTimerViewController.swift in Sources */,
				C0419FB31D19321300ADD255 /* AppDelegate.swift in Sources */,
				C0C68D761D60D65200612D26 /* StatisticsView.swift in Sources */,
				C0C68D781D617F4100612D26 /* QuickTimer.swift in Sources */,
				C00C4EDC1D2E92930079DE29 /* PomodoroViewController.swift in Sources */,
				C00C8AB51D572527006681CB /* NavigationController.swift in Sources */,
				C02280141D64A38C00D3D2F6 /* Dialog.swift in Sources */,
				C03074BC1D59FFA00026DDE2 /* AnimationToList.swift in Sources */,
				C03074BA1D59FBAE0026DDE2 /* ListViewController.swift in Sources */,
				C0F1CAF61D5F415C00BBF0DC /* SettingsViewController.swift in Sources */,
				C03074C11D5A00020026DDE2 /* AnimationFromList.swift in Sources */,
				C0953E7B1D93647600C95296 /* ShortcutHelper.swift in Sources */,
				C00C8AB71D57289F006681CB /* MainViewController.swift in Sources */,
			);
			runOnlyForDeploymentPostprocessing = 0;
		};
/* End PBXSourcesBuildPhase section */

/* Begin PBXVariantGroup section */
		C0419FB61D19321300ADD255 /* Main.storyboard */ = {
			isa = PBXVariantGroup;
			children = (
				C0419FB71D19321300ADD255 /* Base */,
				C05B800E1E4DAFD5005BAFD0 /* zh-Hans */,
				C05B80121E4DAFDC005BAFD0 /* zh-Hant */,
			);
			name = Main.storyboard;
			sourceTree = "<group>";
		};
		C0419FBE1D19321400ADD255 /* LaunchScreen.storyboard */ = {
			isa = PBXVariantGroup;
			children = (
				C0419FBF1D19321400ADD255 /* Base */,
				C05B800F1E4DAFD5005BAFD0 /* zh-Hans */,
				C05B80131E4DAFDC005BAFD0 /* zh-Hant */,
			);
			name = LaunchScreen.storyboard;
			sourceTree = "<group>";
		};
		C05B805D1E4DCB72005BAFD0 /* Localizable.strings */ = {
			isa = PBXVariantGroup;
			children = (
				C05B805C1E4DCB72005BAFD0 /* zh-Hans */,
				C03C82321E4DD89A00CCE9E7 /* zh-Hant */,
			);
			name = Localizable.strings;
			sourceTree = "<group>";
		};
/* End PBXVariantGroup section */

/* Begin XCBuildConfiguration section */
		C0419FC21D19321400ADD255 /* Debug */ = {
			isa = XCBuildConfiguration;
			buildSettings = {
				ALWAYS_SEARCH_USER_PATHS = NO;
				CLANG_ANALYZER_LOCALIZABILITY_NONLOCALIZED = YES;
				CLANG_ANALYZER_NONNULL = YES;
				CLANG_CXX_LANGUAGE_STANDARD = "gnu++0x";
				CLANG_CXX_LIBRARY = "libc++";
				CLANG_ENABLE_MODULES = YES;
				CLANG_ENABLE_OBJC_ARC = YES;
				CLANG_WARN_BOOL_CONVERSION = YES;
				CLANG_WARN_CONSTANT_CONVERSION = YES;
				CLANG_WARN_DIRECT_OBJC_ISA_USAGE = YES_ERROR;
				CLANG_WARN_EMPTY_BODY = YES;
				CLANG_WARN_ENUM_CONVERSION = YES;
				CLANG_WARN_INFINITE_RECURSION = YES;
				CLANG_WARN_INT_CONVERSION = YES;
				CLANG_WARN_OBJC_ROOT_CLASS = YES_ERROR;
				CLANG_WARN_SUSPICIOUS_MOVE = YES;
				CLANG_WARN_UNREACHABLE_CODE = YES;
				CLANG_WARN__DUPLICATE_METHOD_MATCH = YES;
				"CODE_SIGN_IDENTITY[sdk=iphoneos*]" = "iPhone Developer";
				COPY_PHASE_STRIP = NO;
				DEBUG_INFORMATION_FORMAT = dwarf;
				ENABLE_STRICT_OBJC_MSGSEND = YES;
				ENABLE_TESTABILITY = YES;
				GCC_C_LANGUAGE_STANDARD = gnu99;
				GCC_DYNAMIC_NO_PIC = NO;
				GCC_NO_COMMON_BLOCKS = YES;
				GCC_OPTIMIZATION_LEVEL = 0;
				GCC_PREPROCESSOR_DEFINITIONS = (
					"DEBUG=1",
					"$(inherited)",
				);
				GCC_WARN_64_TO_32_BIT_CONVERSION = YES;
				GCC_WARN_ABOUT_RETURN_TYPE = YES_ERROR;
				GCC_WARN_UNDECLARED_SELECTOR = YES;
				GCC_WARN_UNINITIALIZED_AUTOS = YES_AGGRESSIVE;
				GCC_WARN_UNUSED_FUNCTION = YES;
				GCC_WARN_UNUSED_VARIABLE = YES;
				IPHONEOS_DEPLOYMENT_TARGET = 9.3;
				MTL_ENABLE_DEBUG_INFO = YES;
				ONLY_ACTIVE_ARCH = YES;
				SDKROOT = iphoneos;
				SWIFT_OPTIMIZATION_LEVEL = "-Onone";
				TARGETED_DEVICE_FAMILY = "1,2";
			};
			name = Debug;
		};
		C0419FC31D19321400ADD255 /* Release */ = {
			isa = XCBuildConfiguration;
			buildSettings = {
				ALWAYS_SEARCH_USER_PATHS = NO;
				CLANG_ANALYZER_LOCALIZABILITY_NONLOCALIZED = YES;
				CLANG_ANALYZER_NONNULL = YES;
				CLANG_CXX_LANGUAGE_STANDARD = "gnu++0x";
				CLANG_CXX_LIBRARY = "libc++";
				CLANG_ENABLE_MODULES = YES;
				CLANG_ENABLE_OBJC_ARC = YES;
				CLANG_WARN_BOOL_CONVERSION = YES;
				CLANG_WARN_CONSTANT_CONVERSION = YES;
				CLANG_WARN_DIRECT_OBJC_ISA_USAGE = YES_ERROR;
				CLANG_WARN_EMPTY_BODY = YES;
				CLANG_WARN_ENUM_CONVERSION = YES;
				CLANG_WARN_INFINITE_RECURSION = YES;
				CLANG_WARN_INT_CONVERSION = YES;
				CLANG_WARN_OBJC_ROOT_CLASS = YES_ERROR;
				CLANG_WARN_SUSPICIOUS_MOVE = YES;
				CLANG_WARN_UNREACHABLE_CODE = YES;
				CLANG_WARN__DUPLICATE_METHOD_MATCH = YES;
				"CODE_SIGN_IDENTITY[sdk=iphoneos*]" = "iPhone Developer";
				COPY_PHASE_STRIP = NO;
				DEBUG_INFORMATION_FORMAT = "dwarf-with-dsym";
				ENABLE_NS_ASSERTIONS = NO;
				ENABLE_STRICT_OBJC_MSGSEND = YES;
				GCC_C_LANGUAGE_STANDARD = gnu99;
				GCC_NO_COMMON_BLOCKS = YES;
				GCC_WARN_64_TO_32_BIT_CONVERSION = YES;
				GCC_WARN_ABOUT_RETURN_TYPE = YES_ERROR;
				GCC_WARN_UNDECLARED_SELECTOR = YES;
				GCC_WARN_UNINITIALIZED_AUTOS = YES_AGGRESSIVE;
				GCC_WARN_UNUSED_FUNCTION = YES;
				GCC_WARN_UNUSED_VARIABLE = YES;
				IPHONEOS_DEPLOYMENT_TARGET = 9.3;
				MTL_ENABLE_DEBUG_INFO = NO;
				SDKROOT = iphoneos;
				SWIFT_OPTIMIZATION_LEVEL = "-Owholemodule";
				TARGETED_DEVICE_FAMILY = "1,2";
				VALIDATE_PRODUCT = YES;
			};
			name = Release;
		};
		C0419FC51D19321400ADD255 /* Debug */ = {
			isa = XCBuildConfiguration;
			buildSettings = {
				ASSETCATALOG_COMPILER_APPICON_NAME = AppIcon;
				CODE_SIGN_ENTITLEMENTS = "";
				CODE_SIGN_IDENTITY = "iPhone Developer";
				"CODE_SIGN_IDENTITY[sdk=iphoneos*]" = "iPhone Developer";
				DEVELOPMENT_TEAM = QJN4A73F8D;
				FRAMEWORK_SEARCH_PATHS = (
					"$(inherited)",
					"$(PROJECT_DIR)/PomoNow",
				);
				INFOPLIST_FILE = PomoNow/Info.plist;
				IPHONEOS_DEPLOYMENT_TARGET = 9.2;
				LD_RUNPATH_SEARCH_PATHS = "$(inherited) @executable_path/Frameworks";
				PRODUCT_BUNDLE_IDENTIFIER = com.JinyuMeng.pomonow;
				PRODUCT_NAME = "$(TARGET_NAME)";
				PROVISIONING_PROFILE = "";
				PROVISIONING_PROFILE_SPECIFIER = "";
				SWIFT_VERSION = 3.0;
			};
			name = Debug;
		};
		C0419FC61D19321400ADD255 /* Release */ = {
			isa = XCBuildConfiguration;
			buildSettings = {
				ASSETCATALOG_COMPILER_APPICON_NAME = AppIcon;
				CODE_SIGN_ENTITLEMENTS = "";
				CODE_SIGN_IDENTITY = "iPhone Developer";
				"CODE_SIGN_IDENTITY[sdk=iphoneos*]" = "iPhone Developer";
				DEVELOPMENT_TEAM = QJN4A73F8D;
				FRAMEWORK_SEARCH_PATHS = (
					"$(inherited)",
					"$(PROJECT_DIR)/PomoNow",
				);
				INFOPLIST_FILE = PomoNow/Info.plist;
				IPHONEOS_DEPLOYMENT_TARGET = 9.2;
				LD_RUNPATH_SEARCH_PATHS = "$(inherited) @executable_path/Frameworks";
				PRODUCT_BUNDLE_IDENTIFIER = com.JinyuMeng.pomonow;
				PRODUCT_NAME = "$(TARGET_NAME)";
				SWIFT_VERSION = 3.0;
			};
			name = Release;
		};
/* End XCBuildConfiguration section */

/* Begin XCConfigurationList section */
		C0419FAA1D19321300ADD255 /* Build configuration list for PBXProject "PomoNow" */ = {
			isa = XCConfigurationList;
			buildConfigurations = (
				C0419FC21D19321400ADD255 /* Debug */,
				C0419FC31D19321400ADD255 /* Release */,
			);
			defaultConfigurationIsVisible = 0;
			defaultConfigurationName = Release;
		};
		C0419FC41D19321400ADD255 /* Build configuration list for PBXNativeTarget "PomoNow" */ = {
			isa = XCConfigurationList;
			buildConfigurations = (
				C0419FC51D19321400ADD255 /* Debug */,
				C0419FC61D19321400ADD255 /* Release */,
			);
			defaultConfigurationIsVisible = 0;
			defaultConfigurationName = Release;
		};
/* End XCConfigurationList section */
	};
	rootObject = C0419FA71D19321300ADD255 /* Project object */;
}
